
Microsoft Visual Studio Solution File, Format Version 12.00
# Visual Studio Version 16
VisualStudioVersion = 16.0.35826.135
MinimumVisualStudioVersion = 10.0.40219.1
Project("{FAE04EC0-301F-11D3-BF4B-00C04F79EFBC}") = "NewProject", "NewProject\NewProject.csproj", "{EAA1BBC6-F624-4A59-BAED-C8336D1D2561}"
EndProject
Project("{FAE04EC0-301F-11D3-BF4B-00C04F79EFBC}") = "NewProject.UI", "NewProject.UI\NewProject.UI.csproj", "{CBB86A16-6AC9-4299-A951-10CE3937C615}"
EndProject
Project("{FAE04EC0-301F-11D3-BF4B-00C04F79EFBC}") = "NewProject.Application", "NewProject.Application\NewProject.Application.csproj", "{AF102FF4-C1BF-4E9A-9A3C-92BDC326D638}"
EndProject
Project("{FAE04EC0-301F-11D3-BF4B-00C04F79EFBC}") = "NewProject.Domain", "NewProject.Domain\NewProject.Domain.csproj", "{11CF8630-5719-4D7C-9C88-EC91A9D53BAD}"
EndProject
Project("{FAE04EC0-301F-11D3-BF4B-00C04F79EFBC}") = "NewProject.Infratructure", "NewProject.Infratructure\NewProject.Infratructure.csproj", "{4848F4EB-9E52-43B9-A5D6-012DAD1FE59E}"
EndProject
Global
	GlobalSection(SolutionConfigurationPlatforms) = preSolution
		Debug|Any CPU = Debug|Any CPU
		Release|Any CPU = Release|Any CPU
	EndGlobalSection
	GlobalSection(ProjectConfigurationPlatforms) = postSolution
		{EAA1BBC6-F624-4A59-BAED-C8336D1D2561}.Debug|Any CPU.ActiveCfg = Debug|Any CPU
		{EAA1BBC6-F624-4A59-BAED-C8336D1D2561}.Debug|Any CPU.Build.0 = Debug|Any CPU
		{EAA1BBC6-F624-4A59-BAED-C8336D1D2561}.Release|Any CPU.ActiveCfg = Release|Any CPU
		{EAA1BBC6-F624-4A59-BAED-C8336D1D2561}.Release|Any CPU.Build.0 = Release|Any CPU
		{CBB86A16-6AC9-4299-A951-10CE3937C615}.Debug|Any CPU.ActiveCfg = Debug|Any CPU
		{CBB86A16-6AC9-4299-A951-10CE3937C615}.Debug|Any CPU.Build.0 = Debug|Any CPU
		{CBB86A16-6AC9-4299-A951-10CE3937C615}.Release|Any CPU.ActiveCfg = Release|Any CPU
		{CBB86A16-6AC9-4299-A951-10CE3937C615}.Release|Any CPU.Build.0 = Release|Any CPU
		{AF102FF4-C1BF-4E9A-9A3C-92BDC326D638}.Debug|Any CPU.ActiveCfg = Debug|Any CPU
		{AF102FF4-C1BF-4E9A-9A3C-92BDC326D638}.Debug|Any CPU.Build.0 = Debug|Any CPU
		{AF102FF4-C1BF-4E9A-9A3C-92BDC326D638}.Release|Any CPU.ActiveCfg = Release|Any CPU
		{AF102FF4-C1BF-4E9A-9A3C-92BDC326D638}.Release|Any CPU.Build.0 = Release|Any CPU
		{11CF8630-5719-4D7C-9C88-EC91A9D53BAD}.Debug|Any CPU.ActiveCfg = Debug|Any CPU
		{11CF8630-5719-4D7C-9C88-EC91A9D53BAD}.Debug|Any CPU.Build.0 = Debug|Any CPU
		{11CF8630-5719-4D7C-9C88-EC91A9D53BAD}.Release|Any CPU.ActiveCfg = Release|Any CPU
		{11CF8630-5719-4D7C-9C88-EC91A9D53BAD}.Release|Any CPU.Build.0 = Release|Any CPU
		{4848F4EB-9E52-43B9-A5D6-012DAD1FE59E}.Debug|Any CPU.ActiveCfg = Debug|Any CPU
		{4848F4EB-9E52-43B9-A5D6-012DAD1FE59E}.Debug|Any CPU.Build.0 = Debug|Any CPU
		{4848F4EB-9E52-43B9-A5D6-012DAD1FE59E}.Release|Any CPU.ActiveCfg = Release|Any CPU
		{4848F4EB-9E52-43B9-A5D6-012DAD1FE59E}.Release|Any CPU.Build.0 = Release|Any CPU
	EndGlobalSection
	GlobalSection(SolutionProperties) = preSolution
		HideSolutionNode = FALSE
	EndGlobalSection
	GlobalSection(ExtensibilityGlobals) = postSolution
		SolutionGuid = {01BFAE5A-986E-4A52-946E-DEE6410EE0FF}
	EndGlobalSection
EndGlobal
