
Microsoft Visual Studio Solution File, Format Version 12.00
# Visual Studio Version 16
VisualStudioVersion = 16.0.35826.135
MinimumVisualStudioVersion = 10.0.40219.1
Project("{FAE04EC0-301F-11D3-BF4B-00C04F79EFBC}") = "NewProject", "NewProject\NewProject.csproj", "{EAA1BBC6-F624-4A59-BAED-C8336D1D2561}"
EndProject
Project("{FAE04EC0-301F-11D3-BF4B-00C04F79EFBC}") = "NewProject.Application", "NewProject.Application\NewProject.Application.csproj", "{AF102FF4-C1BF-4E9A-9A3C-92BDC326D638}"
EndProject
Project("{FAE04EC0-301F-11D3-BF4B-00C04F79EFBC}") = "NewProject.Domain", "NewProject.Domain\NewProject.Domain.csproj", "{11CF8630-5719-4D7C-9C88-EC91A9D53BAD}"
EndProject
Project("{FAE04EC0-301F-11D3-BF4B-00C04F79EFBC}") = "NewProject.Infratructure", "NewProject.Infratructure\NewProject.Infratructure.csproj", "{4848F4EB-9E52-43B9-A5D6-012DAD1FE59E}"
EndProject
Project("{2150E333-8FDC-42A3-9474-1A3956D46DE8}") = "UI", "UI", "{3CF01144-8E03-4989-88DD-C40DCA5DB29C}"
EndProject
Project("{2150E333-8FDC-42A3-9474-1A3956D46DE8}") = "Windows", "Windows", "{222C12C2-0E78-4380-9741-4D0CA2F79B18}"
EndProject
Project("{FAE04EC0-301F-11D3-BF4B-00C04F79EFBC}") = "UI.Windows.MainWindow", "UI.Windows.MainWindow\UI.Windows.MainWindow.csproj", "{D5CAAD0B-DC40-44E6-B442-1EF2C1E0DE34}"
EndProject
Project("{FAE04EC0-301F-11D3-BF4B-00C04F79EFBC}") = "UI.Windows.SplashWindow", "UI.Windows.SplashWindow\UI.Windows.SplashWindow.csproj", "{FFB495EB-8D6D-4486-A3CF-B335113547C1}"
EndProject
Project("{2150E333-8FDC-42A3-9474-1A3956D46DE8}") = "Dialogs", "Dialogs", "{5B0D9FF2-9378-490A-A01B-D88B8E8F7E35}"
EndProject
Project("{FAE04EC0-301F-11D3-BF4B-00C04F79EFBC}") = "UI.Dialogs.Setting", "UI.Dialogs.Setting\UI.Dialogs.Setting.csproj", "{FE31AF0D-CB53-48E0-9F07-B50063881FFC}"
EndProject
Project("{2150E333-8FDC-42A3-9474-1A3956D46DE8}") = "Views", "Views", "{456DC548-CC55-4763-9803-BB9D446E9FA9}"
EndProject
Project("{FAE04EC0-301F-11D3-BF4B-00C04F79EFBC}") = "UI.Views.MainMenu", "UI.Views.MainMenu\UI.Views.MainMenu.csproj", "{1491939B-715E-456D-8FDB-0F20D61F6932}"
EndProject
Global
	GlobalSection(SolutionConfigurationPlatforms) = preSolution
		Debug|Any CPU = Debug|Any CPU
		Debug|x64 = Debug|x64
		Release|Any CPU = Release|Any CPU
		Release|x64 = Release|x64
	EndGlobalSection
	GlobalSection(ProjectConfigurationPlatforms) = postSolution
		{EAA1BBC6-F624-4A59-BAED-C8336D1D2561}.Debug|Any CPU.ActiveCfg = Debug|x64
		{EAA1BBC6-F624-4A59-BAED-C8336D1D2561}.Debug|Any CPU.Build.0 = Debug|x64
		{EAA1BBC6-F624-4A59-BAED-C8336D1D2561}.Debug|x64.ActiveCfg = Debug|x64
		{EAA1BBC6-F624-4A59-BAED-C8336D1D2561}.Debug|x64.Build.0 = Debug|x64
		{EAA1BBC6-F624-4A59-BAED-C8336D1D2561}.Release|Any CPU.ActiveCfg = Release|Any CPU
		{EAA1BBC6-F624-4A59-BAED-C8336D1D2561}.Release|Any CPU.Build.0 = Release|Any CPU
		{EAA1BBC6-F624-4A59-BAED-C8336D1D2561}.Release|x64.ActiveCfg = Release|x64
		{EAA1BBC6-F624-4A59-BAED-C8336D1D2561}.Release|x64.Build.0 = Release|x64
		{AF102FF4-C1BF-4E9A-9A3C-92BDC326D638}.Debug|Any CPU.ActiveCfg = Debug|Any CPU
		{AF102FF4-C1BF-4E9A-9A3C-92BDC326D638}.Debug|Any CPU.Build.0 = Debug|Any CPU
		{AF102FF4-C1BF-4E9A-9A3C-92BDC326D638}.Debug|x64.ActiveCfg = Debug|x64
		{AF102FF4-C1BF-4E9A-9A3C-92BDC326D638}.Debug|x64.Build.0 = Debug|x64
		{AF102FF4-C1BF-4E9A-9A3C-92BDC326D638}.Release|Any CPU.ActiveCfg = Release|Any CPU
		{AF102FF4-C1BF-4E9A-9A3C-92BDC326D638}.Release|Any CPU.Build.0 = Release|Any CPU
		{AF102FF4-C1BF-4E9A-9A3C-92BDC326D638}.Release|x64.ActiveCfg = Release|x64
		{AF102FF4-C1BF-4E9A-9A3C-92BDC326D638}.Release|x64.Build.0 = Release|x64
		{11CF8630-5719-4D7C-9C88-EC91A9D53BAD}.Debug|Any CPU.ActiveCfg = Debug|Any CPU
		{11CF8630-5719-4D7C-9C88-EC91A9D53BAD}.Debug|Any CPU.Build.0 = Debug|Any CPU
		{11CF8630-5719-4D7C-9C88-EC91A9D53BAD}.Debug|x64.ActiveCfg = Debug|x64
		{11CF8630-5719-4D7C-9C88-EC91A9D53BAD}.Debug|x64.Build.0 = Debug|x64
		{11CF8630-5719-4D7C-9C88-EC91A9D53BAD}.Release|Any CPU.ActiveCfg = Release|Any CPU
		{11CF8630-5719-4D7C-9C88-EC91A9D53BAD}.Release|Any CPU.Build.0 = Release|Any CPU
		{11CF8630-5719-4D7C-9C88-EC91A9D53BAD}.Release|x64.ActiveCfg = Release|x64
		{11CF8630-5719-4D7C-9C88-EC91A9D53BAD}.Release|x64.Build.0 = Release|x64
		{4848F4EB-9E52-43B9-A5D6-012DAD1FE59E}.Debug|Any CPU.ActiveCfg = Debug|Any CPU
		{4848F4EB-9E52-43B9-A5D6-012DAD1FE59E}.Debug|Any CPU.Build.0 = Debug|Any CPU
		{4848F4EB-9E52-43B9-A5D6-012DAD1FE59E}.Debug|x64.ActiveCfg = Debug|x64
		{4848F4EB-9E52-43B9-A5D6-012DAD1FE59E}.Debug|x64.Build.0 = Debug|x64
		{4848F4EB-9E52-43B9-A5D6-012DAD1FE59E}.Release|Any CPU.ActiveCfg = Release|Any CPU
		{4848F4EB-9E52-43B9-A5D6-012DAD1FE59E}.Release|Any CPU.Build.0 = Release|Any CPU
		{4848F4EB-9E52-43B9-A5D6-012DAD1FE59E}.Release|x64.ActiveCfg = Release|x64
		{4848F4EB-9E52-43B9-A5D6-012DAD1FE59E}.Release|x64.Build.0 = Release|x64
		{D5CAAD0B-DC40-44E6-B442-1EF2C1E0DE34}.Debug|Any CPU.ActiveCfg = Debug|Any CPU
		{D5CAAD0B-DC40-44E6-B442-1EF2C1E0DE34}.Debug|Any CPU.Build.0 = Debug|Any CPU
		{D5CAAD0B-DC40-44E6-B442-1EF2C1E0DE34}.Debug|x64.ActiveCfg = Debug|x64
		{D5CAAD0B-DC40-44E6-B442-1EF2C1E0DE34}.Debug|x64.Build.0 = Debug|x64
		{D5CAAD0B-DC40-44E6-B442-1EF2C1E0DE34}.Release|Any CPU.ActiveCfg = Release|Any CPU
		{D5CAAD0B-DC40-44E6-B442-1EF2C1E0DE34}.Release|Any CPU.Build.0 = Release|Any CPU
		{D5CAAD0B-DC40-44E6-B442-1EF2C1E0DE34}.Release|x64.ActiveCfg = Release|Any CPU
		{D5CAAD0B-DC40-44E6-B442-1EF2C1E0DE34}.Release|x64.Build.0 = Release|Any CPU
		{FFB495EB-8D6D-4486-A3CF-B335113547C1}.Debug|Any CPU.ActiveCfg = Debug|Any CPU
		{FFB495EB-8D6D-4486-A3CF-B335113547C1}.Debug|Any CPU.Build.0 = Debug|Any CPU
		{FFB495EB-8D6D-4486-A3CF-B335113547C1}.Debug|x64.ActiveCfg = Debug|x64
		{FFB495EB-8D6D-4486-A3CF-B335113547C1}.Debug|x64.Build.0 = Debug|x64
		{FFB495EB-8D6D-4486-A3CF-B335113547C1}.Release|Any CPU.ActiveCfg = Release|Any CPU
		{FFB495EB-8D6D-4486-A3CF-B335113547C1}.Release|Any CPU.Build.0 = Release|Any CPU
		{FFB495EB-8D6D-4486-A3CF-B335113547C1}.Release|x64.ActiveCfg = Release|Any CPU
		{FFB495EB-8D6D-4486-A3CF-B335113547C1}.Release|x64.Build.0 = Release|Any CPU
		{FE31AF0D-CB53-48E0-9F07-B50063881FFC}.Debug|Any CPU.ActiveCfg = Debug|Any CPU
		{FE31AF0D-CB53-48E0-9F07-B50063881FFC}.Debug|Any CPU.Build.0 = Debug|Any CPU
		{FE31AF0D-CB53-48E0-9F07-B50063881FFC}.Debug|x64.ActiveCfg = Debug|x64
		{FE31AF0D-CB53-48E0-9F07-B50063881FFC}.Debug|x64.Build.0 = Debug|x64
		{FE31AF0D-CB53-48E0-9F07-B50063881FFC}.Release|Any CPU.ActiveCfg = Release|Any CPU
		{FE31AF0D-CB53-48E0-9F07-B50063881FFC}.Release|Any CPU.Build.0 = Release|Any CPU
		{FE31AF0D-CB53-48E0-9F07-B50063881FFC}.Release|x64.ActiveCfg = Release|Any CPU
		{FE31AF0D-CB53-48E0-9F07-B50063881FFC}.Release|x64.Build.0 = Release|Any CPU
		{1491939B-715E-456D-8FDB-0F20D61F6932}.Debug|Any CPU.ActiveCfg = Debug|Any CPU
		{1491939B-715E-456D-8FDB-0F20D61F6932}.Debug|Any CPU.Build.0 = Debug|Any CPU
		{1491939B-715E-456D-8FDB-0F20D61F6932}.Debug|x64.ActiveCfg = Debug|x64
		{1491939B-715E-456D-8FDB-0F20D61F6932}.Debug|x64.Build.0 = Debug|x64
		{1491939B-715E-456D-8FDB-0F20D61F6932}.Release|Any CPU.ActiveCfg = Release|Any CPU
		{1491939B-715E-456D-8FDB-0F20D61F6932}.Release|Any CPU.Build.0 = Release|Any CPU
		{1491939B-715E-456D-8FDB-0F20D61F6932}.Release|x64.ActiveCfg = Release|Any CPU
		{1491939B-715E-456D-8FDB-0F20D61F6932}.Release|x64.Build.0 = Release|Any CPU
	EndGlobalSection
	GlobalSection(SolutionProperties) = preSolution
		HideSolutionNode = FALSE
	EndGlobalSection
	GlobalSection(NestedProjects) = preSolution
		{222C12C2-0E78-4380-9741-4D0CA2F79B18} = {3CF01144-8E03-4989-88DD-C40DCA5DB29C}
		{D5CAAD0B-DC40-44E6-B442-1EF2C1E0DE34} = {222C12C2-0E78-4380-9741-4D0CA2F79B18}
		{FFB495EB-8D6D-4486-A3CF-B335113547C1} = {222C12C2-0E78-4380-9741-4D0CA2F79B18}
		{5B0D9FF2-9378-490A-A01B-D88B8E8F7E35} = {3CF01144-8E03-4989-88DD-C40DCA5DB29C}
		{FE31AF0D-CB53-48E0-9F07-B50063881FFC} = {5B0D9FF2-9378-490A-A01B-D88B8E8F7E35}
		{456DC548-CC55-4763-9803-BB9D446E9FA9} = {3CF01144-8E03-4989-88DD-C40DCA5DB29C}
		{1491939B-715E-456D-8FDB-0F20D61F6932} = {456DC548-CC55-4763-9803-BB9D446E9FA9}
	EndGlobalSection
	GlobalSection(ExtensibilityGlobals) = postSolution
		SolutionGuid = {01BFAE5A-986E-4A52-946E-DEE6410EE0FF}
	EndGlobalSection
EndGlobal
